<?xml version="1.0" encoding="utf-8"?>
<Project ToolsVersion="4.0" xmlns="http://schemas.microsoft.com/developer/msbuild/2003">
  <ItemGroup>
    <Filter Include="Header Files">
      <UniqueIdentifier>{8b39f865-f2d4-4d18-8e90-2173107009f2}</UniqueIdentifier>
      <Extensions>h;hpp;hxx;hm;inl</Extensions>
    </Filter>
    <Filter Include="Resource Files">
      <UniqueIdentifier>{537ff41b-17ec-420d-b868-a3fc3661cbd0}</UniqueIdentifier>
      <Extensions>ico;cur;bmp;dlg;rc2;rct;bin;rgs;gif;jpg;jpeg;jpe</Extensions>
    </Filter>
    <Filter Include="Source Files">
      <UniqueIdentifier>{61b9fc86-1894-48a5-8755-2b813b7fbfbe}</UniqueIdentifier>
      <Extensions>cpp;c;cxx;rc;def;r;odl;idl;hpj;bat</Extensions>
    </Filter>
  </ItemGroup>
  <ItemGroup>
    <ClInclude Include="AdvCANIO.h">
      <Filter>Header Files</Filter>
    </ClInclude>
    <ClInclude Include="AdvCanThread.h">
      <Filter>Header Files</Filter>
    </ClInclude>
    <ClInclude Include="CANDlg.h">
      <Filter>Header Files</Filter>
    </ClInclude>
    <ClInclude Include="CS.h">
      <Filter>Header Files</Filter>
    </ClInclude>
    <ClInclude Include="CWMPControls.h">
      <Filter>Header Files</Filter>
    </ClInclude>
    <ClInclude Include="CWMPPlayer4.h">
      <Filter>Header Files</Filter>
    </ClInclude>
    <ClInclude Include="CWMPSettings.h">
      <Filter>Header Files</Filter>
    </ClInclude>
    <ClInclude Include="DISPDlg.h">
      <Filter>Header Files</Filter>
    </ClInclude>
    <ClInclude Include="excel9.h">
      <Filter>Header Files</Filter>
    </ClInclude>
    <ClInclude Include="GetHDSerial.h">
      <Filter>Header Files</Filter>
    </ClInclude>
    <ClInclude Include="LOGINDlg.h">
      <Filter>Header Files</Filter>
    </ClInclude>
    <ClInclude Include="Resource.h">
      <Filter>Header Files</Filter>
    </ClInclude>
    <ClInclude Include="Security.h">
      <Filter>Header Files</Filter>
    </ClInclude>
    <ClInclude Include="SerialPort.h">
      <Filter>Header Files</Filter>
    </ClInclude>
    <ClInclude Include="SETDlg.h">
      <Filter>Header Files</Filter>
    </ClInclude>
    <ClInclude Include="SetDlgDQ.h">
      <Filter>Header Files</Filter>
    </ClInclude>
    <ClInclude Include="SetDlgFGYSJ.h">
      <Filter>Header Files</Filter>
    </ClInclude>
    <ClInclude Include="SetDlgFMAF.h">
      <Filter>Header Files</Filter>
    </ClInclude>
    <ClInclude Include="StdAfx.h">
      <Filter>Header Files</Filter>
    </ClInclude>
    <ClInclude Include="TabSheet.h">
      <Filter>Header Files</Filter>
    </ClInclude>
    <ClInclude Include="ThreadProp.h">
      <Filter>Header Files</Filter>
    </ClInclude>
    <ClInclude Include="ThreadProp_TempTemp.h">
      <Filter>Header Files</Filter>
    </ClInclude>
    <ClInclude Include="ThreadProp_TimeTemp.h">
      <Filter>Header Files</Filter>
    </ClInclude>
    <ClInclude Include="ThreadProp_TimeTime.h">
      <Filter>Header Files</Filter>
    </ClInclude>
  </ItemGroup>
  <ItemGroup>
    <Image Include="res\bitmap2.bmp">
      <Filter>Resource Files</Filter>
    </Image>
    <Image Include="res\bitmap_o.bmp">
      <Filter>Resource Files</Filter>
    </Image>
    <Image Include="res\bitmap_s.bmp">
      <Filter>Resource Files</Filter>
    </Image>
    <Image Include="res\bitmap_u.bmp">
      <Filter>Resource Files</Filter>
    </Image>
    <Image Include="res\CCSP.bmp">
      <Filter>Resource Files</Filter>
    </Image>
    <Image Include="res\CCSP1.bmp">
      <Filter>Resource Files</Filter>
    </Image>
    <Image Include="res\QuitBtn.bmp">
      <Filter>Resource Files</Filter>
    </Image>
    <Image Include="res\UrgentBtn.bmp">
      <Filter>Resource Files</Filter>
    </Image>
    <Image Include="res\XSCS.ico">
      <Filter>Resource Files</Filter>
    </Image>
  </ItemGroup>
  <ItemGroup>
    <None Include="res\CS.rc2">
      <Filter>Resource Files</Filter>
    </None>
  </ItemGroup>
  <ItemGroup>
    <ClCompile Include="AdvCanIO.cpp">
      <Filter>Source Files</Filter>
    </ClCompile>
    <ClCompile Include="AdvCanThread.cpp">
      <Filter>Source Files</Filter>
    </ClCompile>
    <ClCompile Include="CANDlg.cpp">
      <Filter>Source Files</Filter>
    </ClCompile>
    <ClCompile Include="CS.cpp">
      <Filter>Source Files</Filter>
    </ClCompile>
    <ClCompile Include="CWMPControls.cpp">
      <Filter>Source Files</Filter>
    </ClCompile>
    <ClCompile Include="CWMPPlayer4.cpp">
      <Filter>Source Files</Filter>
    </ClCompile>
    <ClCompile Include="CWMPSettings.cpp">
      <Filter>Source Files</Filter>
    </ClCompile>
    <ClCompile Include="DISPDlg.cpp">
      <Filter>Source Files</Filter>
    </ClCompile>
    <ClCompile Include="excel9.cpp">
      <Filter>Source Files</Filter>
    </ClCompile>
    <ClCompile Include="GetHDSerial.cpp">
      <Filter>Source Files</Filter>
    </ClCompile>
    <ClCompile Include="LOGINDlg.cpp">
      <Filter>Source Files</Filter>
    </ClCompile>
    <ClCompile Include="Security.cpp">
      <Filter>Source Files</Filter>
    </ClCompile>
    <ClCompile Include="SerialPort.cpp">
      <Filter>Source Files</Filter>
    </ClCompile>
    <ClCompile Include="SETDlg.cpp">
      <Filter>Source Files</Filter>
    </ClCompile>
    <ClCompile Include="SetDlgDQ.cpp">
      <Filter>Source Files</Filter>
    </ClCompile>
    <ClCompile Include="SetDlgFGYSJ.cpp">
      <Filter>Source Files</Filter>
    </ClCompile>
    <ClCompile Include="SetDlgFMAF.cpp">
      <Filter>Source Files</Filter>
    </ClCompile>
    <ClCompile Include="StdAfx.cpp">
      <Filter>Source Files</Filter>
    </ClCompile>
    <ClCompile Include="TabSheet.cpp">
      <Filter>Source Files</Filter>
    </ClCompile>
    <ClCompile Include="ThreadProp.cpp">
      <Filter>Source Files</Filter>
    </ClCompile>
    <ClCompile Include="ThreadProp_TempTemp.cpp">
      <Filter>Source Files</Filter>
    </ClCompile>
    <ClCompile Include="ThreadProp_TimeTemp.cpp">
      <Filter>Source Files</Filter>
    </ClCompile>
    <ClCompile Include="ThreadProp_TimeTime.cpp">
      <Filter>Source Files</Filter>
    </ClCompile>
  </ItemGroup>
  <ItemGroup>
    <ResourceCompile Include="CS.rc">
      <Filter>Source Files</Filter>
    </ResourceCompile>
  </ItemGroup>
  <ItemGroup>
    <Text Include="ReadMe.txt" />
  </ItemGroup>
</Project>